
Microsoft Visual Studio Solution File, Format Version 12.00
# Visual Studio Version 17
VisualStudioVersion = 17.3.32721.290
MinimumVisualStudioVersion = 10.0.40219.1
Project("{FAE04EC0-301F-11D3-BF4B-00C04F79EFBC}") = "MVCUsingUnity", "MVCUsingUnity\MVCUsingUnity.csproj", "{320CAB06-D1C2-4C1F-8BD4-9E6B456BF665}"
EndProject
Project("{FAE04EC0-301F-11D3-BF4B-00C04F79EFBC}") = "EntityCL", "EntityCL\EntityCL.csproj", "{DC626726-E154-447F-98E9-122CB7324599}"
EndProject
Project("{FAE04EC0-301F-11D3-BF4B-00C04F79EFBC}") = "ServicesCL", "ServicesCL\ServicesCL.csproj", "{95AF892F-8567-4FB6-8674-41A488B9EDBF}"
EndProject
Global
	GlobalSection(SolutionConfigurationPlatforms) = preSolution
		Debug|Any CPU = Debug|Any CPU
		Release|Any CPU = Release|Any CPU
	EndGlobalSection
	GlobalSection(ProjectConfigurationPlatforms) = postSolution
		{320CAB06-D1C2-4C1F-8BD4-9E6B456BF665}.Debug|Any CPU.ActiveCfg = Debug|Any CPU
		{320CAB06-D1C2-4C1F-8BD4-9E6B456BF665}.Debug|Any CPU.Build.0 = Debug|Any CPU
		{320CAB06-D1C2-4C1F-8BD4-9E6B456BF665}.Release|Any CPU.ActiveCfg = Release|Any CPU
		{320CAB06-D1C2-4C1F-8BD4-9E6B456BF665}.Release|Any CPU.Build.0 = Release|Any CPU
		{DC626726-E154-447F-98E9-122CB7324599}.Debug|Any CPU.ActiveCfg = Debug|Any CPU
		{DC626726-E154-447F-98E9-122CB7324599}.Debug|Any CPU.Build.0 = Debug|Any CPU
		{DC626726-E154-447F-98E9-122CB7324599}.Release|Any CPU.ActiveCfg = Release|Any CPU
		{DC626726-E154-447F-98E9-122CB7324599}.Release|Any CPU.Build.0 = Release|Any CPU
		{95AF892F-8567-4FB6-8674-41A488B9EDBF}.Debug|Any CPU.ActiveCfg = Debug|Any CPU
		{95AF892F-8567-4FB6-8674-41A488B9EDBF}.Debug|Any CPU.Build.0 = Debug|Any CPU
		{95AF892F-8567-4FB6-8674-41A488B9EDBF}.Release|Any CPU.ActiveCfg = Release|Any CPU
		{95AF892F-8567-4FB6-8674-41A488B9EDBF}.Release|Any CPU.Build.0 = Release|Any CPU
	EndGlobalSection
	GlobalSection(SolutionProperties) = preSolution
		HideSolutionNode = FALSE
	EndGlobalSection
	GlobalSection(ExtensibilityGlobals) = postSolution
		SolutionGuid = {06E393E4-967F-464C-A25A-A29EF7E58DF2}
	EndGlobalSection
EndGlobal
